
Microsoft Visual Studio Solution File, Format Version 12.00
# Visual Studio 15
Project("{FAE04EC0-301F-11D3-BF4B-00C04F79EFBC}") = "Assembly-CSharp", "Assembly-CSharp.csproj", "{1FF0B9B6-ADB3-0697-5B39-6E9851E73924}"
EndProject
Project("{FAE04EC0-301F-11D3-BF4B-00C04F79EFBC}") = "NavMeshComponents", "NavMeshComponents.csproj", "{25E4065D-0D36-767A-92FB-D7071276572E}"
EndProject
Project("{FAE04EC0-301F-11D3-BF4B-00C04F79EFBC}") = "NavMeshComponentsEditor", "NavMeshComponentsEditor.csproj", "{28A11994-A9A8-B12C-44AD-B7B8C4159833}"
EndProject
Project("{FAE04EC0-301F-11D3-BF4B-00C04F79EFBC}") = "Assembly-CSharp-Editor", "Assembly-CSharp-Editor.csproj", "{EA574B18-F3E7-E0F9-1BB6-D3588CF11B36}"
EndProject
Global
	GlobalSection(SolutionConfigurationPlatforms) = preSolution
		Debug|Any CPU = Debug|Any CPU
		Release|Any CPU = Release|Any CPU
	EndGlobalSection
	GlobalSection(ProjectConfigurationPlatforms) = postSolution
		{1FF0B9B6-ADB3-0697-5B39-6E9851E73924}.Debug|Any CPU.ActiveCfg = Debug|Any CPU
		{1FF0B9B6-ADB3-0697-5B39-6E9851E73924}.Debug|Any CPU.Build.0 = Debug|Any CPU
		{1FF0B9B6-ADB3-0697-5B39-6E9851E73924}.Release|Any CPU.ActiveCfg = Release|Any CPU
		{1FF0B9B6-ADB3-0697-5B39-6E9851E73924}.Release|Any CPU.Build.0 = Release|Any CPU
		{25E4065D-0D36-767A-92FB-D7071276572E}.Debug|Any CPU.ActiveCfg = Debug|Any CPU
		{25E4065D-0D36-767A-92FB-D7071276572E}.Debug|Any CPU.Build.0 = Debug|Any CPU
		{25E4065D-0D36-767A-92FB-D7071276572E}.Release|Any CPU.ActiveCfg = Release|Any CPU
		{25E4065D-0D36-767A-92FB-D7071276572E}.Release|Any CPU.Build.0 = Release|Any CPU
		{28A11994-A9A8-B12C-44AD-B7B8C4159833}.Debug|Any CPU.ActiveCfg = Debug|Any CPU
		{28A11994-A9A8-B12C-44AD-B7B8C4159833}.Debug|Any CPU.Build.0 = Debug|Any CPU
		{28A11994-A9A8-B12C-44AD-B7B8C4159833}.Release|Any CPU.ActiveCfg = Release|Any CPU
		{28A11994-A9A8-B12C-44AD-B7B8C4159833}.Release|Any CPU.Build.0 = Release|Any CPU
		{EA574B18-F3E7-E0F9-1BB6-D3588CF11B36}.Debug|Any CPU.ActiveCfg = Debug|Any CPU
		{EA574B18-F3E7-E0F9-1BB6-D3588CF11B36}.Debug|Any CPU.Build.0 = Debug|Any CPU
		{EA574B18-F3E7-E0F9-1BB6-D3588CF11B36}.Release|Any CPU.ActiveCfg = Release|Any CPU
		{EA574B18-F3E7-E0F9-1BB6-D3588CF11B36}.Release|Any CPU.Build.0 = Release|Any CPU
	EndGlobalSection
	GlobalSection(SolutionProperties) = preSolution
		HideSolutionNode = FALSE
	EndGlobalSection
EndGlobal
